// !$*UTF8*$!
{
	archiveVersion = 1;
	classes = {
	};
	objectVersion = 55;
	objects = {

/* Begin PBXBuildFile section */
		2D5418A3284518DD00E523B6 /* CircleClockApp.swift in Sources */ = {isa = PBXBuildFile; fileRef = 2D541893284518D500E523B6 /* CircleClockApp.swift */; };
		2D5418A4284518DD00E523B6 /* CircleClockApp.swift in Sources */ = {isa = PBXBuildFile; fileRef = 2D541893284518D500E523B6 /* CircleClockApp.swift */; };
		2D5418A5284518DD00E523B6 /* ContentView.swift in Sources */ = {isa = PBXBuildFile; fileRef = 2D541894284518D500E523B6 /* ContentView.swift */; };
		2D5418A6284518DD00E523B6 /* ContentView.swift in Sources */ = {isa = PBXBuildFile; fileRef = 2D541894284518D500E523B6 /* ContentView.swift */; };
		2D5418A7284518DD00E523B6 /* Assets.xcassets in Resources */ = {isa = PBXBuildFile; fileRef = 2D541895284518DD00E523B6 /* Assets.xcassets */; };
		2D5418A8284518DD00E523B6 /* Assets.xcassets in Resources */ = {isa = PBXBuildFile; fileRef = 2D541895284518DD00E523B6 /* Assets.xcassets */; };
		2D8967042850FCFF00636FC8 /* DigitalClock.swift in Sources */ = {isa = PBXBuildFile; fileRef = 2D8967032850FCFF00636FC8 /* DigitalClock.swift */; };
		2D8967052850FCFF00636FC8 /* DigitalClock.swift in Sources */ = {isa = PBXBuildFile; fileRef = 2D8967032850FCFF00636FC8 /* DigitalClock.swift */; };
		2D8967072851037800636FC8 /* Clock.swift in Sources */ = {isa = PBXBuildFile; fileRef = 2D8967062851037800636FC8 /* Clock.swift */; };
		2D8967082851037800636FC8 /* Clock.swift in Sources */ = {isa = PBXBuildFile; fileRef = 2D8967062851037800636FC8 /* Clock.swift */; };
		2D89670A285247F200636FC8 /* ChooseTimeZoneView.swift in Sources */ = {isa = PBXBuildFile; fileRef = 2D896709285247EB00636FC8 /* ChooseTimeZoneView.swift */; };
		2D89670B285247F200636FC8 /* ChooseTimeZoneView.swift in Sources */ = {isa = PBXBuildFile; fileRef = 2D896709285247EB00636FC8 /* ChooseTimeZoneView.swift */; };
		2D89670F285786A400636FC8 /* ComposableArchitecture in Frameworks */ = {isa = PBXBuildFile; productRef = 2D89670E285786A400636FC8 /* ComposableArchitecture */; };
		2D8967122858E3F500636FC8 /* AppReducer.swift in Sources */ = {isa = PBXBuildFile; fileRef = 2D8967112858E3F500636FC8 /* AppReducer.swift */; };
		2DAED8C22860C1B200805BD9 /* SmallWidget.swift in Sources */ = {isa = PBXBuildFile; fileRef = 2DAED8C12860C1B200805BD9 /* SmallWidget.swift */; };
		2DAED8C42860C1CA00805BD9 /* MediumWidget.swift in Sources */ = {isa = PBXBuildFile; fileRef = 2DAED8C32860C1CA00805BD9 /* MediumWidget.swift */; };
		2DAED8C62860C1EC00805BD9 /* LargeWidget.swift in Sources */ = {isa = PBXBuildFile; fileRef = 2DAED8C52860C1EC00805BD9 /* LargeWidget.swift */; };
		2DAED8C72860C22600805BD9 /* SmallWidget.swift in Sources */ = {isa = PBXBuildFile; fileRef = 2DAED8C12860C1B200805BD9 /* SmallWidget.swift */; };
		2DAED8C82860C22900805BD9 /* MediumWidget.swift in Sources */ = {isa = PBXBuildFile; fileRef = 2DAED8C32860C1CA00805BD9 /* MediumWidget.swift */; };
		2DAED8C92860C22C00805BD9 /* LargeWidget.swift in Sources */ = {isa = PBXBuildFile; fileRef = 2DAED8C52860C1EC00805BD9 /* LargeWidget.swift */; };
		2DAED8CA2860C35D00805BD9 /* CircleClock.swift in Sources */ = {isa = PBXBuildFile; fileRef = 2DF45492284E5F2E00F108BC /* CircleClock.swift */; };
		2DAED8CB2860C3CE00805BD9 /* Clock.swift in Sources */ = {isa = PBXBuildFile; fileRef = 2D8967062851037800636FC8 /* Clock.swift */; };
		2DAED8CD286A01F300805BD9 /* RoundClock.swift in Sources */ = {isa = PBXBuildFile; fileRef = 2DAED8CC286A01F300805BD9 /* RoundClock.swift */; };
		2DAED8D2286A073D00805BD9 /* RoundClockStyle.swift in Sources */ = {isa = PBXBuildFile; fileRef = 2DAED8D1286A073D00805BD9 /* RoundClockStyle.swift */; };
		2DAED8D4286A07B000805BD9 /* AnyRoundClockStyle.swift in Sources */ = {isa = PBXBuildFile; fileRef = 2DAED8D3286A07B000805BD9 /* AnyRoundClockStyle.swift */; };
		2DAED8D6286A07DE00805BD9 /* NormalRoundClockStyle.swift in Sources */ = {isa = PBXBuildFile; fileRef = 2DAED8D5286A07DE00805BD9 /* NormalRoundClockStyle.swift */; };
		2DAED8D8286A085700805BD9 /* RoundClockStyleConfiguration.swift in Sources */ = {isa = PBXBuildFile; fileRef = 2DAED8D7286A085700805BD9 /* RoundClockStyleConfiguration.swift */; };
		2DAED8DA286A08AC00805BD9 /* extensions.swift in Sources */ = {isa = PBXBuildFile; fileRef = 2DAED8D9286A08AC00805BD9 /* extensions.swift */; };
		2DAED8DC286A096D00805BD9 /* RoundClockStyleConfiguration.swift in Sources */ = {isa = PBXBuildFile; fileRef = 2DAED8D7286A085700805BD9 /* RoundClockStyleConfiguration.swift */; };
		2DAED8DD286A096D00805BD9 /* RoundClockStyleConfiguration.swift in Sources */ = {isa = PBXBuildFile; fileRef = 2DAED8D7286A085700805BD9 /* RoundClockStyleConfiguration.swift */; };
		2DAED8DE286B493B00805BD9 /* RoundClock.swift in Sources */ = {isa = PBXBuildFile; fileRef = 2DAED8CC286A01F300805BD9 /* RoundClock.swift */; };
		2DAED8DF286B493C00805BD9 /* RoundClock.swift in Sources */ = {isa = PBXBuildFile; fileRef = 2DAED8CC286A01F300805BD9 /* RoundClock.swift */; };
		2DAED8E0286B494000805BD9 /* NormalRoundClockStyle.swift in Sources */ = {isa = PBXBuildFile; fileRef = 2DAED8D5286A07DE00805BD9 /* NormalRoundClockStyle.swift */; };
		2DAED8E1286B494000805BD9 /* NormalRoundClockStyle.swift in Sources */ = {isa = PBXBuildFile; fileRef = 2DAED8D5286A07DE00805BD9 /* NormalRoundClockStyle.swift */; };
		2DAED8E2286B494300805BD9 /* AnyRoundClockStyle.swift in Sources */ = {isa = PBXBuildFile; fileRef = 2DAED8D3286A07B000805BD9 /* AnyRoundClockStyle.swift */; };
		2DAED8E3286B494400805BD9 /* AnyRoundClockStyle.swift in Sources */ = {isa = PBXBuildFile; fileRef = 2DAED8D3286A07B000805BD9 /* AnyRoundClockStyle.swift */; };
		2DAED8E4286B494700805BD9 /* extensions.swift in Sources */ = {isa = PBXBuildFile; fileRef = 2DAED8D9286A08AC00805BD9 /* extensions.swift */; };
		2DAED8E5286B494900805BD9 /* extensions.swift in Sources */ = {isa = PBXBuildFile; fileRef = 2DAED8D9286A08AC00805BD9 /* extensions.swift */; };
		2DAED8E6286B495200805BD9 /* RoundClockStyle.swift in Sources */ = {isa = PBXBuildFile; fileRef = 2DAED8D1286A073D00805BD9 /* RoundClockStyle.swift */; };
		2DAED8E7286B495300805BD9 /* RoundClockStyle.swift in Sources */ = {isa = PBXBuildFile; fileRef = 2DAED8D1286A073D00805BD9 /* RoundClockStyle.swift */; };
		2DAED8E9286B4A1300805BD9 /* SmallRoundClockStyle.swift in Sources */ = {isa = PBXBuildFile; fileRef = 2DAED8E8286B4A1300805BD9 /* SmallRoundClockStyle.swift */; };
		2DAED8EA286B4BAC00805BD9 /* SmallRoundClockStyle.swift in Sources */ = {isa = PBXBuildFile; fileRef = 2DAED8E8286B4A1300805BD9 /* SmallRoundClockStyle.swift */; };
		2DAED8EB286B4BAD00805BD9 /* SmallRoundClockStyle.swift in Sources */ = {isa = PBXBuildFile; fileRef = 2DAED8E8286B4A1300805BD9 /* SmallRoundClockStyle.swift */; };
		2DF4547F284E5DDF00F108BC /* WidgetKit.framework in Frameworks */ = {isa = PBXBuildFile; fileRef = 2DF4547E284E5DDF00F108BC /* WidgetKit.framework */; platformFilter = maccatalyst; };
		2DF45481284E5DDF00F108BC /* SwiftUI.framework in Frameworks */ = {isa = PBXBuildFile; fileRef = 2DF45480284E5DDF00F108BC /* SwiftUI.framework */; platformFilter = maccatalyst; };
		2DF45484284E5DDF00F108BC /* ClockWidget.swift in Sources */ = {isa = PBXBuildFile; fileRef = 2DF45483284E5DDF00F108BC /* ClockWidget.swift */; };
		2DF45487284E5DE300F108BC /* Assets.xcassets in Resources */ = {isa = PBXBuildFile; fileRef = 2DF45486284E5DE300F108BC /* Assets.xcassets */; };
		2DF45489284E5DE300F108BC /* ClockWidget.intentdefinition in Sources */ = {isa = PBXBuildFile; fileRef = 2DF45485284E5DDF00F108BC /* ClockWidget.intentdefinition */; };
		2DF4548A284E5DE300F108BC /* ClockWidget.intentdefinition in Sources */ = {isa = PBXBuildFile; fileRef = 2DF45485284E5DDF00F108BC /* ClockWidget.intentdefinition */; };
		2DF4548D284E5DE300F108BC /* ClockWidgetExtension.appex in Embed App Extensions */ = {isa = PBXBuildFile; fileRef = 2DF4547C284E5DDF00F108BC /* ClockWidgetExtension.appex */; settings = {ATTRIBUTES = (RemoveHeadersOnCopy, ); }; };
		2DF45493284E5F2E00F108BC /* CircleClock.swift in Sources */ = {isa = PBXBuildFile; fileRef = 2DF45492284E5F2E00F108BC /* CircleClock.swift */; };
		2DF45494284E5F2E00F108BC /* CircleClock.swift in Sources */ = {isa = PBXBuildFile; fileRef = 2DF45492284E5F2E00F108BC /* CircleClock.swift */; };
		2DF4549B284E62D500F108BC /* radioland.regular.ttf in Resources */ = {isa = PBXBuildFile; fileRef = 2DF4549A284E62C800F108BC /* radioland.regular.ttf */; };
		2DF4549C284E62D600F108BC /* radioland.regular.ttf in Resources */ = {isa = PBXBuildFile; fileRef = 2DF4549A284E62C800F108BC /* radioland.regular.ttf */; };
		2DF4549D284E62D700F108BC /* radioland.regular.ttf in Resources */ = {isa = PBXBuildFile; fileRef = 2DF4549A284E62C800F108BC /* radioland.regular.ttf */; };
		2DF454A0284F95D500F108BC /* FontStyle.swift in Sources */ = {isa = PBXBuildFile; fileRef = 2DF4549F284F95D500F108BC /* FontStyle.swift */; };
		2DF454A1284F95D500F108BC /* FontStyle.swift in Sources */ = {isa = PBXBuildFile; fileRef = 2DF4549F284F95D500F108BC /* FontStyle.swift */; };
/* End PBXBuildFile section */

/* Begin PBXContainerItemProxy section */
		2DF4548B284E5DE300F108BC /* PBXContainerItemProxy */ = {
			isa = PBXContainerItemProxy;
			containerPortal = 2D54188E284518D400E523B6 /* Project object */;
			proxyType = 1;
			remoteGlobalIDString = 2DF4547B284E5DDF00F108BC;
			remoteInfo = ClockWidgetExtension;
		};
/* End PBXContainerItemProxy section */

/* Begin PBXCopyFilesBuildPhase section */
		2DF45491284E5DE300F108BC /* Embed App Extensions */ = {
			isa = PBXCopyFilesBuildPhase;
			buildActionMask = 2147483647;
			dstPath = "";
			dstSubfolderSpec = 13;
			files = (
				2DF4548D284E5DE300F108BC /* ClockWidgetExtension.appex in Embed App Extensions */,
			);
			name = "Embed App Extensions";
			runOnlyForDeploymentPostprocessing = 0;
		};
/* End PBXCopyFilesBuildPhase section */

/* Begin PBXFileReference section */
		2D541893284518D500E523B6 /* CircleClockApp.swift */ = {isa = PBXFileReference; lastKnownFileType = sourcecode.swift; path = CircleClockApp.swift; sourceTree = "<group>"; };
		2D541894284518D500E523B6 /* ContentView.swift */ = {isa = PBXFileReference; lastKnownFileType = sourcecode.swift; path = ContentView.swift; sourceTree = "<group>"; };
		2D541895284518DD00E523B6 /* Assets.xcassets */ = {isa = PBXFileReference; lastKnownFileType = folder.assetcatalog; path = Assets.xcassets; sourceTree = "<group>"; };
		2D54189A284518DD00E523B6 /* CircleClock.app */ = {isa = PBXFileReference; explicitFileType = wrapper.application; includeInIndex = 0; path = CircleClock.app; sourceTree = BUILT_PRODUCTS_DIR; };
		2D5418A0284518DD00E523B6 /* circle-clock.app */ = {isa = PBXFileReference; explicitFileType = wrapper.application; includeInIndex = 0; path = "circle-clock.app"; sourceTree = BUILT_PRODUCTS_DIR; };
		2D5418A2284518DD00E523B6 /* macOS.entitlements */ = {isa = PBXFileReference; lastKnownFileType = text.plist.entitlements; path = macOS.entitlements; sourceTree = "<group>"; };
		2D8967032850FCFF00636FC8 /* DigitalClock.swift */ = {isa = PBXFileReference; lastKnownFileType = sourcecode.swift; path = DigitalClock.swift; sourceTree = "<group>"; };
		2D8967062851037800636FC8 /* Clock.swift */ = {isa = PBXFileReference; lastKnownFileType = sourcecode.swift; path = Clock.swift; sourceTree = "<group>"; };
		2D896709285247EB00636FC8 /* ChooseTimeZoneView.swift */ = {isa = PBXFileReference; lastKnownFileType = sourcecode.swift; path = ChooseTimeZoneView.swift; sourceTree = "<group>"; };
		2D8967112858E3F500636FC8 /* AppReducer.swift */ = {isa = PBXFileReference; lastKnownFileType = sourcecode.swift; path = AppReducer.swift; sourceTree = "<group>"; };
		2DAED8C12860C1B200805BD9 /* SmallWidget.swift */ = {isa = PBXFileReference; lastKnownFileType = sourcecode.swift; path = SmallWidget.swift; sourceTree = "<group>"; };
		2DAED8C32860C1CA00805BD9 /* MediumWidget.swift */ = {isa = PBXFileReference; lastKnownFileType = sourcecode.swift; path = MediumWidget.swift; sourceTree = "<group>"; };
		2DAED8C52860C1EC00805BD9 /* LargeWidget.swift */ = {isa = PBXFileReference; lastKnownFileType = sourcecode.swift; path = LargeWidget.swift; sourceTree = "<group>"; };
		2DAED8CC286A01F300805BD9 /* RoundClock.swift */ = {isa = PBXFileReference; lastKnownFileType = sourcecode.swift; path = RoundClock.swift; sourceTree = "<group>"; };
		2DAED8D1286A073D00805BD9 /* RoundClockStyle.swift */ = {isa = PBXFileReference; lastKnownFileType = sourcecode.swift; path = RoundClockStyle.swift; sourceTree = "<group>"; };
		2DAED8D3286A07B000805BD9 /* AnyRoundClockStyle.swift */ = {isa = PBXFileReference; lastKnownFileType = sourcecode.swift; path = AnyRoundClockStyle.swift; sourceTree = "<group>"; };
		2DAED8D5286A07DE00805BD9 /* NormalRoundClockStyle.swift */ = {isa = PBXFileReference; lastKnownFileType = sourcecode.swift; path = NormalRoundClockStyle.swift; sourceTree = "<group>"; };
		2DAED8D7286A085700805BD9 /* RoundClockStyleConfiguration.swift */ = {isa = PBXFileReference; lastKnownFileType = sourcecode.swift; path = RoundClockStyleConfiguration.swift; sourceTree = "<group>"; };
		2DAED8D9286A08AC00805BD9 /* extensions.swift */ = {isa = PBXFileReference; lastKnownFileType = sourcecode.swift; path = extensions.swift; sourceTree = "<group>"; };
		2DAED8E8286B4A1300805BD9 /* SmallRoundClockStyle.swift */ = {isa = PBXFileReference; lastKnownFileType = sourcecode.swift; path = SmallRoundClockStyle.swift; sourceTree = "<group>"; };
		2DF4547C284E5DDF00F108BC /* ClockWidgetExtension.appex */ = {isa = PBXFileReference; explicitFileType = "wrapper.app-extension"; includeInIndex = 0; path = ClockWidgetExtension.appex; sourceTree = BUILT_PRODUCTS_DIR; };
		2DF4547E284E5DDF00F108BC /* WidgetKit.framework */ = {isa = PBXFileReference; lastKnownFileType = wrapper.framework; name = WidgetKit.framework; path = System/Library/Frameworks/WidgetKit.framework; sourceTree = SDKROOT; };
		2DF45480284E5DDF00F108BC /* SwiftUI.framework */ = {isa = PBXFileReference; lastKnownFileType = wrapper.framework; name = SwiftUI.framework; path = System/Library/Frameworks/SwiftUI.framework; sourceTree = SDKROOT; };
		2DF45483284E5DDF00F108BC /* ClockWidget.swift */ = {isa = PBXFileReference; lastKnownFileType = sourcecode.swift; path = ClockWidget.swift; sourceTree = "<group>"; };
		2DF45485284E5DDF00F108BC /* ClockWidget.intentdefinition */ = {isa = PBXFileReference; lastKnownFileType = file.intentdefinition; path = ClockWidget.intentdefinition; sourceTree = "<group>"; };
		2DF45486284E5DE300F108BC /* Assets.xcassets */ = {isa = PBXFileReference; lastKnownFileType = folder.assetcatalog; path = Assets.xcassets; sourceTree = "<group>"; };
		2DF45488284E5DE300F108BC /* Info.plist */ = {isa = PBXFileReference; lastKnownFileType = text.plist.xml; path = Info.plist; sourceTree = "<group>"; };
		2DF45492284E5F2E00F108BC /* CircleClock.swift */ = {isa = PBXFileReference; lastKnownFileType = sourcecode.swift; path = CircleClock.swift; sourceTree = "<group>"; };
		2DF4549A284E62C800F108BC /* radioland.regular.ttf */ = {isa = PBXFileReference; lastKnownFileType = file; path = radioland.regular.ttf; sourceTree = "<group>"; };
		2DF4549E284E635B00F108BC /* circle-clock--iOS--Info.plist */ = {isa = PBXFileReference; lastKnownFileType = text.plist; path = "circle-clock--iOS--Info.plist"; sourceTree = "<group>"; };
		2DF4549F284F95D500F108BC /* FontStyle.swift */ = {isa = PBXFileReference; lastKnownFileType = sourcecode.swift; path = FontStyle.swift; sourceTree = "<group>"; };
/* End PBXFileReference section */

/* Begin PBXFrameworksBuildPhase section */
		2D541897284518DD00E523B6 /* Frameworks */ = {
			isa = PBXFrameworksBuildPhase;
			buildActionMask = 2147483647;
			files = (
				2D89670F285786A400636FC8 /* ComposableArchitecture in Frameworks */,
			);
			runOnlyForDeploymentPostprocessing = 0;
		};
		2D54189D284518DD00E523B6 /* Frameworks */ = {
			isa = PBXFrameworksBuildPhase;
			buildActionMask = 2147483647;
			files = (
			);
			runOnlyForDeploymentPostprocessing = 0;
		};
		2DF45479284E5DDF00F108BC /* Frameworks */ = {
			isa = PBXFrameworksBuildPhase;
			buildActionMask = 2147483647;
			files = (
				2DF45481284E5DDF00F108BC /* SwiftUI.framework in Frameworks */,
				2DF4547F284E5DDF00F108BC /* WidgetKit.framework in Frameworks */,
			);
			runOnlyForDeploymentPostprocessing = 0;
		};
/* End PBXFrameworksBuildPhase section */

/* Begin PBXGroup section */
		2D54188D284518D400E523B6 = {
			isa = PBXGroup;
			children = (
				2DF4549E284E635B00F108BC /* circle-clock--iOS--Info.plist */,
				2D541892284518D500E523B6 /* Shared */,
				2D5418A1284518DD00E523B6 /* macOS */,
				2DF45482284E5DDF00F108BC /* ClockWidget */,
				2DF4547D284E5DDF00F108BC /* Frameworks */,
				2D54189B284518DD00E523B6 /* Products */,
			);
			sourceTree = "<group>";
		};
		2D541892284518D500E523B6 /* Shared */ = {
			isa = PBXGroup;
			children = (
				2DAED8CE286A05CF00805BD9 /* Feature */,
				2D8967102858E3DF00636FC8 /* Reducer */,
				2D89670C2857860200636FC8 /* View */,
				2D8967022850FC6700636FC8 /* Component */,
				2DF45499284E62B500F108BC /* Font */,
				2D541893284518D500E523B6 /* CircleClockApp.swift */,
				2D541895284518DD00E523B6 /* Assets.xcassets */,
				2DF4549F284F95D500F108BC /* FontStyle.swift */,
			);
			path = Shared;
			sourceTree = "<group>";
		};
		2D54189B284518DD00E523B6 /* Products */ = {
			isa = PBXGroup;
			children = (
				2D54189A284518DD00E523B6 /* CircleClock.app */,
				2D5418A0284518DD00E523B6 /* circle-clock.app */,
				2DF4547C284E5DDF00F108BC /* ClockWidgetExtension.appex */,
			);
			name = Products;
			sourceTree = "<group>";
		};
		2D5418A1284518DD00E523B6 /* macOS */ = {
			isa = PBXGroup;
			children = (
				2D5418A2284518DD00E523B6 /* macOS.entitlements */,
			);
			path = macOS;
			sourceTree = "<group>";
		};
		2D8967022850FC6700636FC8 /* Component */ = {
			isa = PBXGroup;
			children = (
				2DF45492284E5F2E00F108BC /* CircleClock.swift */,
				2D8967032850FCFF00636FC8 /* DigitalClock.swift */,
				2D8967062851037800636FC8 /* Clock.swift */,
			);
			path = Component;
			sourceTree = "<group>";
		};
		2D89670C2857860200636FC8 /* View */ = {
			isa = PBXGroup;
			children = (
				2D541894284518D500E523B6 /* ContentView.swift */,
				2D896709285247EB00636FC8 /* ChooseTimeZoneView.swift */,
			);
			path = View;
			sourceTree = "<group>";
		};
		2D8967102858E3DF00636FC8 /* Reducer */ = {
			isa = PBXGroup;
			children = (
				2D8967112858E3F500636FC8 /* AppReducer.swift */,
			);
			path = Reducer;
			sourceTree = "<group>";
		};
		2DAED8C02860C17700805BD9 /* Mode */ = {
			isa = PBXGroup;
			children = (
				2DAED8C12860C1B200805BD9 /* SmallWidget.swift */,
				2DAED8C32860C1CA00805BD9 /* MediumWidget.swift */,
				2DAED8C52860C1EC00805BD9 /* LargeWidget.swift */,
			);
			path = Mode;
			sourceTree = "<group>";
		};
		2DAED8CE286A05CF00805BD9 /* Feature */ = {
			isa = PBXGroup;
			children = (
				2DAED8CF286A05F800805BD9 /* RoundClock */,
			);
			path = Feature;
			sourceTree = "<group>";
		};
		2DAED8CF286A05F800805BD9 /* RoundClock */ = {
			isa = PBXGroup;
			children = (
				2DAED8D0286A072100805BD9 /* Styles */,
				2DAED8CC286A01F300805BD9 /* RoundClock.swift */,
				2DAED8D9286A08AC00805BD9 /* extensions.swift */,
			);
			path = RoundClock;
			sourceTree = "<group>";
		};
		2DAED8D0286A072100805BD9 /* Styles */ = {
			isa = PBXGroup;
			children = (
				2DAED8D1286A073D00805BD9 /* RoundClockStyle.swift */,
				2DAED8D7286A085700805BD9 /* RoundClockStyleConfiguration.swift */,
				2DAED8D3286A07B000805BD9 /* AnyRoundClockStyle.swift */,
				2DAED8D5286A07DE00805BD9 /* NormalRoundClockStyle.swift */,
				2DAED8E8286B4A1300805BD9 /* SmallRoundClockStyle.swift */,
			);
			path = Styles;
			sourceTree = "<group>";
		};
		2DF4547D284E5DDF00F108BC /* Frameworks */ = {
			isa = PBXGroup;
			children = (
				2DF4547E284E5DDF00F108BC /* WidgetKit.framework */,
				2DF45480284E5DDF00F108BC /* SwiftUI.framework */,
			);
			name = Frameworks;
			sourceTree = "<group>";
		};
		2DF45482284E5DDF00F108BC /* ClockWidget */ = {
			isa = PBXGroup;
			children = (
				2DAED8C02860C17700805BD9 /* Mode */,
				2DF45483284E5DDF00F108BC /* ClockWidget.swift */,
				2DF45485284E5DDF00F108BC /* ClockWidget.intentdefinition */,
				2DF45486284E5DE300F108BC /* Assets.xcassets */,
				2DF45488284E5DE300F108BC /* Info.plist */,
			);
			path = ClockWidget;
			sourceTree = "<group>";
		};
		2DF45499284E62B500F108BC /* Font */ = {
			isa = PBXGroup;
			children = (
				2DF4549A284E62C800F108BC /* radioland.regular.ttf */,
			);
			path = Font;
			sourceTree = "<group>";
		};
/* End PBXGroup section */

/* Begin PBXNativeTarget section */
		2D541899284518DD00E523B6 /* circle-clock (iOS) */ = {
			isa = PBXNativeTarget;
			buildConfigurationList = 2D5418AB284518DD00E523B6 /* Build configuration list for PBXNativeTarget "circle-clock (iOS)" */;
			buildPhases = (
				2D541896284518DD00E523B6 /* Sources */,
				2D541897284518DD00E523B6 /* Frameworks */,
				2D541898284518DD00E523B6 /* Resources */,
				2DF45491284E5DE300F108BC /* Embed App Extensions */,
			);
			buildRules = (
			);
			dependencies = (
				2DF4548C284E5DE300F108BC /* PBXTargetDependency */,
			);
			name = "circle-clock (iOS)";
			packageProductDependencies = (
				2D89670E285786A400636FC8 /* ComposableArchitecture */,
			);
			productName = "circle-clock (iOS)";
			productReference = 2D54189A284518DD00E523B6 /* CircleClock.app */;
			productType = "com.apple.product-type.application";
		};
		2D54189F284518DD00E523B6 /* circle-clock (macOS) */ = {
			isa = PBXNativeTarget;
			buildConfigurationList = 2D5418AE284518DD00E523B6 /* Build configuration list for PBXNativeTarget "circle-clock (macOS)" */;
			buildPhases = (
				2D54189C284518DD00E523B6 /* Sources */,
				2D54189D284518DD00E523B6 /* Frameworks */,
				2D54189E284518DD00E523B6 /* Resources */,
			);
			buildRules = (
			);
			dependencies = (
			);
			name = "circle-clock (macOS)";
			productName = "circle-clock (macOS)";
			productReference = 2D5418A0284518DD00E523B6 /* circle-clock.app */;
			productType = "com.apple.product-type.application";
		};
		2DF4547B284E5DDF00F108BC /* ClockWidgetExtension */ = {
			isa = PBXNativeTarget;
			buildConfigurationList = 2DF4548E284E5DE300F108BC /* Build configuration list for PBXNativeTarget "ClockWidgetExtension" */;
			buildPhases = (
				2DF45478284E5DDF00F108BC /* Sources */,
				2DF45479284E5DDF00F108BC /* Frameworks */,
				2DF4547A284E5DDF00F108BC /* Resources */,
			);
			buildRules = (
			);
			dependencies = (
			);
			name = ClockWidgetExtension;
			productName = ClockWidgetExtension;
			productReference = 2DF4547C284E5DDF00F108BC /* ClockWidgetExtension.appex */;
			productType = "com.apple.product-type.app-extension";
		};
/* End PBXNativeTarget section */

/* Begin PBXProject section */
		2D54188E284518D400E523B6 /* Project object */ = {
			isa = PBXProject;
			attributes = {
				BuildIndependentTargetsInParallel = 1;
				LastSwiftUpdateCheck = 1310;
				LastUpgradeCheck = 1310;
				TargetAttributes = {
					2D541899284518DD00E523B6 = {
						CreatedOnToolsVersion = 13.1;
					};
					2D54189F284518DD00E523B6 = {
						CreatedOnToolsVersion = 13.1;
					};
					2DF4547B284E5DDF00F108BC = {
						CreatedOnToolsVersion = 13.1;
					};
				};
			};
			buildConfigurationList = 2D541891284518D400E523B6 /* Build configuration list for PBXProject "circle-clock" */;
			compatibilityVersion = "Xcode 13.0";
			developmentRegion = en;
			hasScannedForEncodings = 0;
			knownRegions = (
				en,
				Base,
			);
			mainGroup = 2D54188D284518D400E523B6;
			packageReferences = (
				2D89670D285786A400636FC8 /* XCRemoteSwiftPackageReference "swift-composable-architecture" */,
			);
			productRefGroup = 2D54189B284518DD00E523B6 /* Products */;
			projectDirPath = "";
			projectRoot = "";
			targets = (
				2D541899284518DD00E523B6 /* circle-clock (iOS) */,
				2D54189F284518DD00E523B6 /* circle-clock (macOS) */,
				2DF4547B284E5DDF00F108BC /* ClockWidgetExtension */,
			);
		};
/* End PBXProject section */

/* Begin PBXResourcesBuildPhase section */
		2D541898284518DD00E523B6 /* Resources */ = {
			isa = PBXResourcesBuildPhase;
			buildActionMask = 2147483647;
			files = (
				2D5418A7284518DD00E523B6 /* Assets.xcassets in Resources */,
				2DF4549B284E62D500F108BC /* radioland.regular.ttf in Resources */,
			);
			runOnlyForDeploymentPostprocessing = 0;
		};
		2D54189E284518DD00E523B6 /* Resources */ = {
			isa = PBXResourcesBuildPhase;
			buildActionMask = 2147483647;
			files = (
				2D5418A8284518DD00E523B6 /* Assets.xcassets in Resources */,
				2DF4549C284E62D600F108BC /* radioland.regular.ttf in Resources */,
			);
			runOnlyForDeploymentPostprocessing = 0;
		};
		2DF4547A284E5DDF00F108BC /* Resources */ = {
			isa = PBXResourcesBuildPhase;
			buildActionMask = 2147483647;
			files = (
				2DF45487284E5DE300F108BC /* Assets.xcassets in Resources */,
				2DF4549D284E62D700F108BC /* radioland.regular.ttf in Resources */,
			);
			runOnlyForDeploymentPostprocessing = 0;
		};
/* End PBXResourcesBuildPhase section */

/* Begin PBXSourcesBuildPhase section */
		2D541896284518DD00E523B6 /* Sources */ = {
			isa = PBXSourcesBuildPhase;
			buildActionMask = 2147483647;
			files = (
				2DF45493284E5F2E00F108BC /* CircleClock.swift in Sources */,
				2D8967042850FCFF00636FC8 /* DigitalClock.swift in Sources */,
				2DF454A0284F95D500F108BC /* FontStyle.swift in Sources */,
				2DAED8E9286B4A1300805BD9 /* SmallRoundClockStyle.swift in Sources */,
				2D8967122858E3F500636FC8 /* AppReducer.swift in Sources */,
				2DAED8D6286A07DE00805BD9 /* NormalRoundClockStyle.swift in Sources */,
				2DAED8DA286A08AC00805BD9 /* extensions.swift in Sources */,
				2DAED8CD286A01F300805BD9 /* RoundClock.swift in Sources */,
				2D8967072851037800636FC8 /* Clock.swift in Sources */,
				2DAED8C42860C1CA00805BD9 /* MediumWidget.swift in Sources */,
				2DAED8C22860C1B200805BD9 /* SmallWidget.swift in Sources */,
				2DAED8C62860C1EC00805BD9 /* LargeWidget.swift in Sources */,
				2D5418A5284518DD00E523B6 /* ContentView.swift in Sources */,
				2DAED8D4286A07B000805BD9 /* AnyRoundClockStyle.swift in Sources */,
				2D89670A285247F200636FC8 /* ChooseTimeZoneView.swift in Sources */,
				2DAED8D2286A073D00805BD9 /* RoundClockStyle.swift in Sources */,
				2DF4548A284E5DE300F108BC /* ClockWidget.intentdefinition in Sources */,
				2D5418A3284518DD00E523B6 /* CircleClockApp.swift in Sources */,
				2DAED8D8286A085700805BD9 /* RoundClockStyleConfiguration.swift in Sources */,
			);
			runOnlyForDeploymentPostprocessing = 0;
		};
		2D54189C284518DD00E523B6 /* Sources */ = {
			isa = PBXSourcesBuildPhase;
			buildActionMask = 2147483647;
			files = (
				2D8967082851037800636FC8 /* Clock.swift in Sources */,
				2D89670B285247F200636FC8 /* ChooseTimeZoneView.swift in Sources */,
				2DAED8DC286A096D00805BD9 /* RoundClockStyleConfiguration.swift in Sources */,
				2D5418A6284518DD00E523B6 /* ContentView.swift in Sources */,
				2D8967052850FCFF00636FC8 /* DigitalClock.swift in Sources */,
				2DAED8DF286B493C00805BD9 /* RoundClock.swift in Sources */,
				2D5418A4284518DD00E523B6 /* CircleClockApp.swift in Sources */,
				2DF45494284E5F2E00F108BC /* CircleClock.swift in Sources */,
				2DAED8E0286B494000805BD9 /* NormalRoundClockStyle.swift in Sources */,
				2DAED8EA286B4BAC00805BD9 /* SmallRoundClockStyle.swift in Sources */,
				2DF454A1284F95D500F108BC /* FontStyle.swift in Sources */,
				2DAED8E2286B494300805BD9 /* AnyRoundClockStyle.swift in Sources */,
				2DAED8E6286B495200805BD9 /* RoundClockStyle.swift in Sources */,
				2DAED8E4286B494700805BD9 /* extensions.swift in Sources */,
			);
			runOnlyForDeploymentPostprocessing = 0;
		};
		2DF45478284E5DDF00F108BC /* Sources */ = {
			isa = PBXSourcesBuildPhase;
			buildActionMask = 2147483647;
			files = (
				2DAED8CA2860C35D00805BD9 /* CircleClock.swift in Sources */,
				2DAED8C92860C22C00805BD9 /* LargeWidget.swift in Sources */,
				2DAED8DD286A096D00805BD9 /* RoundClockStyleConfiguration.swift in Sources */,
				2DF45484284E5DDF00F108BC /* ClockWidget.swift in Sources */,
				2DAED8CB2860C3CE00805BD9 /* Clock.swift in Sources */,
				2DAED8DE286B493B00805BD9 /* RoundClock.swift in Sources */,
				2DF45489284E5DE300F108BC /* ClockWidget.intentdefinition in Sources */,
				2DAED8C82860C22900805BD9 /* MediumWidget.swift in Sources */,
				2DAED8E1286B494000805BD9 /* NormalRoundClockStyle.swift in Sources */,
				2DAED8EB286B4BAD00805BD9 /* SmallRoundClockStyle.swift in Sources */,
				2DAED8C72860C22600805BD9 /* SmallWidget.swift in Sources */,
				2DAED8E3286B494400805BD9 /* AnyRoundClockStyle.swift in Sources */,
				2DAED8E7286B495300805BD9 /* RoundClockStyle.swift in Sources */,
				2DAED8E5286B494900805BD9 /* extensions.swift in Sources */,
			);
			runOnlyForDeploymentPostprocessing = 0;
		};
/* End PBXSourcesBuildPhase section */

/* Begin PBXTargetDependency section */
		2DF4548C284E5DE300F108BC /* PBXTargetDependency */ = {
			isa = PBXTargetDependency;
			target = 2DF4547B284E5DDF00F108BC /* ClockWidgetExtension */;
			targetProxy = 2DF4548B284E5DE300F108BC /* PBXContainerItemProxy */;
		};
/* End PBXTargetDependency section */

/* Begin XCBuildConfiguration section */
		2D5418A9284518DD00E523B6 /* Debug */ = {
			isa = XCBuildConfiguration;
			buildSettings = {
				ALWAYS_SEARCH_USER_PATHS = NO;
				CLANG_ANALYZER_NONNULL = YES;
				CLANG_ANALYZER_NUMBER_OBJECT_CONVERSION = YES_AGGRESSIVE;
				CLANG_CXX_LANGUAGE_STANDARD = "gnu++17";
				CLANG_CXX_LIBRARY = "libc++";
				CLANG_ENABLE_MODULES = YES;
				CLANG_ENABLE_OBJC_ARC = YES;
				CLANG_ENABLE_OBJC_WEAK = YES;
				CLANG_WARN_BLOCK_CAPTURE_AUTORELEASING = YES;
				CLANG_WARN_BOOL_CONVERSION = YES;
				CLANG_WARN_COMMA = YES;
				CLANG_WARN_CONSTANT_CONVERSION = YES;
				CLANG_WARN_DEPRECATED_OBJC_IMPLEMENTATIONS = YES;
				CLANG_WARN_DIRECT_OBJC_ISA_USAGE = YES_ERROR;
				CLANG_WARN_DOCUMENTATION_COMMENTS = YES;
				CLANG_WARN_EMPTY_BODY = YES;
				CLANG_WARN_ENUM_CONVERSION = YES;
				CLANG_WARN_INFINITE_RECURSION = YES;
				CLANG_WARN_INT_CONVERSION = YES;
				CLANG_WARN_NON_LITERAL_NULL_CONVERSION = YES;
				CLANG_WARN_OBJC_IMPLICIT_RETAIN_SELF = YES;
				CLANG_WARN_OBJC_LITERAL_CONVERSION = YES;
				CLANG_WARN_OBJC_ROOT_CLASS = YES_ERROR;
				CLANG_WARN_QUOTED_INCLUDE_IN_FRAMEWORK_HEADER = YES;
				CLANG_WARN_RANGE_LOOP_ANALYSIS = YES;
				CLANG_WARN_STRICT_PROTOTYPES = YES;
				CLANG_WARN_SUSPICIOUS_MOVE = YES;
				CLANG_WARN_UNGUARDED_AVAILABILITY = YES_AGGRESSIVE;
				CLANG_WARN_UNREACHABLE_CODE = YES;
				CLANG_WARN__DUPLICATE_METHOD_MATCH = YES;
				COPY_PHASE_STRIP = NO;
				DEBUG_INFORMATION_FORMAT = dwarf;
				ENABLE_STRICT_OBJC_MSGSEND = YES;
				ENABLE_TESTABILITY = YES;
				GCC_C_LANGUAGE_STANDARD = gnu11;
				GCC_DYNAMIC_NO_PIC = NO;
				GCC_NO_COMMON_BLOCKS = YES;
				GCC_OPTIMIZATION_LEVEL = 0;
				GCC_PREPROCESSOR_DEFINITIONS = (
					"DEBUG=1",
					"$(inherited)",
				);
				GCC_WARN_64_TO_32_BIT_CONVERSION = YES;
				GCC_WARN_ABOUT_RETURN_TYPE = YES_ERROR;
				GCC_WARN_UNDECLARED_SELECTOR = YES;
				GCC_WARN_UNINITIALIZED_AUTOS = YES_AGGRESSIVE;
				GCC_WARN_UNUSED_FUNCTION = YES;
				GCC_WARN_UNUSED_VARIABLE = YES;
				MTL_ENABLE_DEBUG_INFO = INCLUDE_SOURCE;
				MTL_FAST_MATH = YES;
				ONLY_ACTIVE_ARCH = YES;
				SWIFT_ACTIVE_COMPILATION_CONDITIONS = DEBUG;
				SWIFT_OPTIMIZATION_LEVEL = "-Onone";
			};
			name = Debug;
		};
		2D5418AA284518DD00E523B6 /* Release */ = {
			isa = XCBuildConfiguration;
			buildSettings = {
				ALWAYS_SEARCH_USER_PATHS = NO;
				CLANG_ANALYZER_NONNULL = YES;
				CLANG_ANALYZER_NUMBER_OBJECT_CONVERSION = YES_AGGRESSIVE;
				CLANG_CXX_LANGUAGE_STANDARD = "gnu++17";
				CLANG_CXX_LIBRARY = "libc++";
				CLANG_ENABLE_MODULES = YES;
				CLANG_ENABLE_OBJC_ARC = YES;
				CLANG_ENABLE_OBJC_WEAK = YES;
				CLANG_WARN_BLOCK_CAPTURE_AUTORELEASING = YES;
				CLANG_WARN_BOOL_CONVERSION = YES;
				CLANG_WARN_COMMA = YES;
				CLANG_WARN_CONSTANT_CONVERSION = YES;
				CLANG_WARN_DEPRECATED_OBJC_IMPLEMENTATIONS = YES;
				CLANG_WARN_DIRECT_OBJC_ISA_USAGE = YES_ERROR;
				CLANG_WARN_DOCUMENTATION_COMMENTS = YES;
				CLANG_WARN_EMPTY_BODY = YES;
				CLANG_WARN_ENUM_CONVERSION = YES;
				CLANG_WARN_INFINITE_RECURSION = YES;
				CLANG_WARN_INT_CONVERSION = YES;
				CLANG_WARN_NON_LITERAL_NULL_CONVERSION = YES;
				CLANG_WARN_OBJC_IMPLICIT_RETAIN_SELF = YES;
				CLANG_WARN_OBJC_LITERAL_CONVERSION = YES;
				CLANG_WARN_OBJC_ROOT_CLASS = YES_ERROR;
				CLANG_WARN_QUOTED_INCLUDE_IN_FRAMEWORK_HEADER = YES;
				CLANG_WARN_RANGE_LOOP_ANALYSIS = YES;
				CLANG_WARN_STRICT_PROTOTYPES = YES;
				CLANG_WARN_SUSPICIOUS_MOVE = YES;
				CLANG_WARN_UNGUARDED_AVAILABILITY = YES_AGGRESSIVE;
				CLANG_WARN_UNREACHABLE_CODE = YES;
				CLANG_WARN__DUPLICATE_METHOD_MATCH = YES;
				COPY_PHASE_STRIP = NO;
				DEBUG_INFORMATION_FORMAT = "dwarf-with-dsym";
				ENABLE_NS_ASSERTIONS = NO;
				ENABLE_STRICT_OBJC_MSGSEND = YES;
				GCC_C_LANGUAGE_STANDARD = gnu11;
				GCC_NO_COMMON_BLOCKS = YES;
				GCC_WARN_64_TO_32_BIT_CONVERSION = YES;
				GCC_WARN_ABOUT_RETURN_TYPE = YES_ERROR;
				GCC_WARN_UNDECLARED_SELECTOR = YES;
				GCC_WARN_UNINITIALIZED_AUTOS = YES_AGGRESSIVE;
				GCC_WARN_UNUSED_FUNCTION = YES;
				GCC_WARN_UNUSED_VARIABLE = YES;
				MTL_ENABLE_DEBUG_INFO = NO;
				MTL_FAST_MATH = YES;
				SWIFT_COMPILATION_MODE = wholemodule;
				SWIFT_OPTIMIZATION_LEVEL = "-O";
			};
			name = Release;
		};
		2D5418AC284518DD00E523B6 /* Debug */ = {
			isa = XCBuildConfiguration;
			buildSettings = {
				ALWAYS_EMBED_SWIFT_STANDARD_LIBRARIES = YES;
				ASSETCATALOG_COMPILER_APPICON_NAME = AppIcon;
				ASSETCATALOG_COMPILER_GLOBAL_ACCENT_COLOR_NAME = AccentColor;
				CODE_SIGN_IDENTITY = "Apple Development";
				CODE_SIGN_STYLE = Automatic;
				CURRENT_PROJECT_VERSION = 1;
				DEVELOPMENT_TEAM = 53Q6P6AQV8;
				ENABLE_PREVIEWS = YES;
				GENERATE_INFOPLIST_FILE = YES;
				INFOPLIST_FILE = "circle-clock--iOS--Info.plist";
				INFOPLIST_KEY_UIApplicationSceneManifest_Generation = YES;
				INFOPLIST_KEY_UIApplicationSupportsIndirectInputEvents = YES;
				INFOPLIST_KEY_UILaunchScreen_Generation = YES;
				INFOPLIST_KEY_UISupportedInterfaceOrientations_iPad = "UIInterfaceOrientationPortrait UIInterfaceOrientationPortraitUpsideDown UIInterfaceOrientationLandscapeLeft UIInterfaceOrientationLandscapeRight";
				INFOPLIST_KEY_UISupportedInterfaceOrientations_iPhone = "UIInterfaceOrientationPortrait UIInterfaceOrientationLandscapeLeft UIInterfaceOrientationLandscapeRight";
				IPHONEOS_DEPLOYMENT_TARGET = 15.0;
				LD_RUNPATH_SEARCH_PATHS = (
					"$(inherited)",
					"@executable_path/Frameworks",
				);
				MARKETING_VERSION = 1.0;
				PRODUCT_BUNDLE_IDENTIFIER = com.weilun.circle.clock;
				PRODUCT_NAME = CircleClock;
				PROVISIONING_PROFILE_SPECIFIER = "";
				SDKROOT = iphoneos;
				SWIFT_EMIT_LOC_STRINGS = YES;
				SWIFT_VERSION = 5.0;
				TARGETED_DEVICE_FAMILY = "1,2";
			};
			name = Debug;
		};
		2D5418AD284518DD00E523B6 /* Release */ = {
			isa = XCBuildConfiguration;
			buildSettings = {
				ALWAYS_EMBED_SWIFT_STANDARD_LIBRARIES = YES;
				ASSETCATALOG_COMPILER_APPICON_NAME = AppIcon;
				ASSETCATALOG_COMPILER_GLOBAL_ACCENT_COLOR_NAME = AccentColor;
				CODE_SIGN_IDENTITY = "Apple Development";
				CODE_SIGN_STYLE = Automatic;
				CURRENT_PROJECT_VERSION = 1;
				DEVELOPMENT_TEAM = 53Q6P6AQV8;
				ENABLE_PREVIEWS = YES;
				GENERATE_INFOPLIST_FILE = YES;
				INFOPLIST_FILE = "circle-clock--iOS--Info.plist";
				INFOPLIST_KEY_UIApplicationSceneManifest_Generation = YES;
				INFOPLIST_KEY_UIApplicationSupportsIndirectInputEvents = YES;
				INFOPLIST_KEY_UILaunchScreen_Generation = YES;
				INFOPLIST_KEY_UISupportedInterfaceOrientations_iPad = "UIInterfaceOrientationPortrait UIInterfaceOrientationPortraitUpsideDown UIInterfaceOrientationLandscapeLeft UIInterfaceOrientationLandscapeRight";
				INFOPLIST_KEY_UISupportedInterfaceOrientations_iPhone = "UIInterfaceOrientationPortrait UIInterfaceOrientationLandscapeLeft UIInterfaceOrientationLandscapeRight";
				IPHONEOS_DEPLOYMENT_TARGET = 15.0;
				LD_RUNPATH_SEARCH_PATHS = (
					"$(inherited)",
					"@executable_path/Frameworks",
				);
				MARKETING_VERSION = 1.0;
				PRODUCT_BUNDLE_IDENTIFIER = com.weilun.circle.clock;
				PRODUCT_NAME = CircleClock;
				PROVISIONING_PROFILE_SPECIFIER = "";
				SDKROOT = iphoneos;
				SWIFT_EMIT_LOC_STRINGS = YES;
				SWIFT_VERSION = 5.0;
				TARGETED_DEVICE_FAMILY = "1,2";
				VALIDATE_PRODUCT = YES;
			};
			name = Release;
		};
		2D5418AF284518DD00E523B6 /* Debug */ = {
			isa = XCBuildConfiguration;
			buildSettings = {
				ASSETCATALOG_COMPILER_APPICON_NAME = AppIcon;
				ASSETCATALOG_COMPILER_GLOBAL_ACCENT_COLOR_NAME = AccentColor;
				CODE_SIGN_ENTITLEMENTS = macOS/macOS.entitlements;
				CODE_SIGN_STYLE = Automatic;
				COMBINE_HIDPI_IMAGES = YES;
				CURRENT_PROJECT_VERSION = 1;
				DEVELOPMENT_TEAM = 53Q6P6AQV8;
				ENABLE_PREVIEWS = YES;
				GENERATE_INFOPLIST_FILE = YES;
				INFOPLIST_KEY_NSHumanReadableCopyright = "";
				LD_RUNPATH_SEARCH_PATHS = (
					"$(inherited)",
					"@executable_path/../Frameworks",
				);
				MACOSX_DEPLOYMENT_TARGET = 12.0;
				MARKETING_VERSION = 1.0;
				PRODUCT_BUNDLE_IDENTIFIER = com.weilun.circle.clock;
				PRODUCT_NAME = "circle-clock";
				SDKROOT = macosx;
				SWIFT_EMIT_LOC_STRINGS = YES;
				SWIFT_VERSION = 5.0;
			};
			name = Debug;
		};
		2D5418B0284518DD00E523B6 /* Release */ = {
			isa = XCBuildConfiguration;
			buildSettings = {
				ASSETCATALOG_COMPILER_APPICON_NAME = AppIcon;
				ASSETCATALOG_COMPILER_GLOBAL_ACCENT_COLOR_NAME = AccentColor;
				CODE_SIGN_ENTITLEMENTS = macOS/macOS.entitlements;
				CODE_SIGN_STYLE = Automatic;
				COMBINE_HIDPI_IMAGES = YES;
				CURRENT_PROJECT_VERSION = 1;
				DEVELOPMENT_TEAM = 53Q6P6AQV8;
				ENABLE_PREVIEWS = YES;
				GENERATE_INFOPLIST_FILE = YES;
				INFOPLIST_KEY_NSHumanReadableCopyright = "";
				LD_RUNPATH_SEARCH_PATHS = (
					"$(inherited)",
					"@executable_path/../Frameworks",
				);
				MACOSX_DEPLOYMENT_TARGET = 12.0;
				MARKETING_VERSION = 1.0;
				PRODUCT_BUNDLE_IDENTIFIER = com.weilun.circle.clock;
				PRODUCT_NAME = "circle-clock";
				SDKROOT = macosx;
				SWIFT_EMIT_LOC_STRINGS = YES;
				SWIFT_VERSION = 5.0;
			};
			name = Release;
		};
		2DF4548F284E5DE300F108BC /* Debug */ = {
			isa = XCBuildConfiguration;
			buildSettings = {
				ASSETCATALOG_COMPILER_GLOBAL_ACCENT_COLOR_NAME = AccentColor;
				ASSETCATALOG_COMPILER_WIDGET_BACKGROUND_COLOR_NAME = WidgetBackground;
				CODE_SIGN_STYLE = Automatic;
				CURRENT_PROJECT_VERSION = 1;
				DEVELOPMENT_TEAM = 53Q6P6AQV8;
				GENERATE_INFOPLIST_FILE = YES;
				INFOPLIST_FILE = ClockWidget/Info.plist;
				INFOPLIST_KEY_CFBundleDisplayName = ClockWidget;
				INFOPLIST_KEY_NSHumanReadableCopyright = "";
				IPHONEOS_DEPLOYMENT_TARGET = 15.0;
				LD_RUNPATH_SEARCH_PATHS = (
					"$(inherited)",
					"@executable_path/Frameworks",
					"@executable_path/../../Frameworks",
				);
				MARKETING_VERSION = 1.0;
				PRODUCT_BUNDLE_IDENTIFIER = com.weilun.circle.clock.ClockWidget;
				PRODUCT_NAME = "$(TARGET_NAME)";
				SDKROOT = iphoneos;
				SKIP_INSTALL = YES;
				SWIFT_EMIT_LOC_STRINGS = YES;
				SWIFT_VERSION = 5.0;
				TARGETED_DEVICE_FAMILY = "1,2";
			};
			name = Debug;
		};
		2DF45490284E5DE300F108BC /* Release */ = {
			isa = XCBuildConfiguration;
			buildSettings = {
				ASSETCATALOG_COMPILER_GLOBAL_ACCENT_COLOR_NAME = AccentColor;
				ASSETCATALOG_COMPILER_WIDGET_BACKGROUND_COLOR_NAME = WidgetBackground;
				CODE_SIGN_STYLE = Automatic;
				CURRENT_PROJECT_VERSION = 1;
				DEVELOPMENT_TEAM = 53Q6P6AQV8;
				GENERATE_INFOPLIST_FILE = YES;
				INFOPLIST_FILE = ClockWidget/Info.plist;
				INFOPLIST_KEY_CFBundleDisplayName = ClockWidget;
				INFOPLIST_KEY_NSHumanReadableCopyright = "";
				IPHONEOS_DEPLOYMENT_TARGET = 15.0;
				LD_RUNPATH_SEARCH_PATHS = (
					"$(inherited)",
					"@executable_path/Frameworks",
					"@executable_path/../../Frameworks",
				);
				MARKETING_VERSION = 1.0;
				PRODUCT_BUNDLE_IDENTIFIER = com.weilun.circle.clock.ClockWidget;
				PRODUCT_NAME = "$(TARGET_NAME)";
				SDKROOT = iphoneos;
				SKIP_INSTALL = YES;
				SWIFT_EMIT_LOC_STRINGS = YES;
				SWIFT_VERSION = 5.0;
				TARGETED_DEVICE_FAMILY = "1,2";
				VALIDATE_PRODUCT = YES;
			};
			name = Release;
		};
/* End XCBuildConfiguration section */

/* Begin XCConfigurationList section */
		2D541891284518D400E523B6 /* Build configuration list for PBXProject "circle-clock" */ = {
			isa = XCConfigurationList;
			buildConfigurations = (
				2D5418A9284518DD00E523B6 /* Debug */,
				2D5418AA284518DD00E523B6 /* Release */,
			);
			defaultConfigurationIsVisible = 0;
			defaultConfigurationName = Release;
		};
		2D5418AB284518DD00E523B6 /* Build configuration list for PBXNativeTarget "circle-clock (iOS)" */ = {
			isa = XCConfigurationList;
			buildConfigurations = (
				2D5418AC284518DD00E523B6 /* Debug */,
				2D5418AD284518DD00E523B6 /* Release */,
			);
			defaultConfigurationIsVisible = 0;
			defaultConfigurationName = Release;
		};
		2D5418AE284518DD00E523B6 /* Build configuration list for PBXNativeTarget "circle-clock (macOS)" */ = {
			isa = XCConfigurationList;
			buildConfigurations = (
				2D5418AF284518DD00E523B6 /* Debug */,
				2D5418B0284518DD00E523B6 /* Release */,
			);
			defaultConfigurationIsVisible = 0;
			defaultConfigurationName = Release;
		};
		2DF4548E284E5DE300F108BC /* Build configuration list for PBXNativeTarget "ClockWidgetExtension" */ = {
			isa = XCConfigurationList;
			buildConfigurations = (
				2DF4548F284E5DE300F108BC /* Debug */,
				2DF45490284E5DE300F108BC /* Release */,
			);
			defaultConfigurationIsVisible = 0;
			defaultConfigurationName = Release;
		};
/* End XCConfigurationList section */

/* Begin XCRemoteSwiftPackageReference section */
		2D89670D285786A400636FC8 /* XCRemoteSwiftPackageReference "swift-composable-architecture" */ = {
			isa = XCRemoteSwiftPackageReference;
			repositoryURL = "https://github.com/pointfreeco/swift-composable-architecture";
			requirement = {
				branch = main;
				kind = branch;
			};
		};
/* End XCRemoteSwiftPackageReference section */

/* Begin XCSwiftPackageProductDependency section */
		2D89670E285786A400636FC8 /* ComposableArchitecture */ = {
			isa = XCSwiftPackageProductDependency;
			package = 2D89670D285786A400636FC8 /* XCRemoteSwiftPackageReference "swift-composable-architecture" */;
			productName = ComposableArchitecture;
		};
/* End XCSwiftPackageProductDependency section */
	};
	rootObject = 2D54188E284518D400E523B6 /* Project object */;
}
